{
  "lockfileVersion": 3,
  "name": "nhs-notify-observability",
  "packages": {
    "": {
      "devDependencies": {
        "@types/aws-lambda": "^8.10.147"
      }
    },
    "node_modules/@types/aws-lambda": {
      "dev": true,
      "integrity": "sha512-nD0Z9fNIZcxYX5Mai2CTmFD7wX7UldCkW2ezCF8D1T5hdiLsnTWDGRpfRYntU6VjTdLQjOvyszru7I1c1oCQew==",
      "resolved": "https://registry.npmjs.org/@types/aws-lambda/-/aws-lambda-8.10.147.tgz",
      "version": "8.10.147"
    }
  },
  "requires": true
}
